PODS:
  - Alamofire (4.6.0)
  - CryptoSwift (0.8.0)
  - IGListKit (3.1.1):
    - IGListKit/Default (= 3.1.1)
  - IGListKit/Default (3.1.1):
    - IGListKit/Diffing
  - IGListKit/Diffing (3.1.1)
  - IQKeyboardManagerSwift (5.0.6)
  - Kingfisher (4.5.0)
  - KRActivityIndicatorView (2.1.1)
  - KRProgressHUD (3.1.2):
    - KRActivityIndicatorView (= 2.1.1)
  - Moya (10.0.1):
    - Moya/Core (= 10.0.1)
  - Moya/Core (10.0.1):
    - Alamofire (~> 4.1)
    - Result (~> 3.0)
  - Result (3.2.4)
  - SnapKit (4.0.0)
  - SwiftMessages (4.1.0)
  - SwiftyBeaver (1.4.4)
  - SwiftyJSON (4.0.0)

DEPENDENCIES:
  - Alamofire
  - CryptoSwift
  - IGListKit
  - IQKeyboardManagerSwift
  - Kingfisher
  - KRProgressHUD
  - Moya
  - SnapKit
  - SwiftMessages
  - SwiftyBeaver
  - SwiftyJSON

SPEC CHECKSUMS:
  Alamofire: f41a599bd63041760b26d393ec1069d9d7b917f4
  CryptoSwift: f81907430ebbe38b8404b4f6fb40f3c576a8755f
  IGListKit: cb97f405ae43e59fe1da74271e19427ec20d3c07
  IQKeyboardManagerSwift: 02bfbb0dff71c66d0ab77d80d25dfce0c3717735
  Kingfisher: 26ae0473102b77b575da51960c932431e3745407
  KRActivityIndicatorView: fa5df9f4cf039651ad8b0f9c11c3159d1e19299f
  KRProgressHUD: 6e23870531f8e854c8cba430b0f5a61074865250
  Moya: 9e621707ff754eeb51ff3ec51a3d54e517c0733a
  Result: d2d07204ce72856f1fd9130bbe42c35a7b0fea10
  SnapKit: a42d492c16e80209130a3379f73596c3454b7694
  SwiftMessages: 1bacc783c8f10bdfdc57c14860cae8a1f1fa6591
  SwiftyBeaver: 25bd76281f49ca989ec2e3cbde9af89c15bc1432
  SwiftyJSON: 070dabdcb1beb81b247c65ffa3a79dbbfb3b48aa

PODFILE CHECKSUM: faf0b499e4b2ca9e0cf286d113485d20096d5438

COCOAPODS: 1.4.0.beta.2
